{
  "name": "js",
  "lockfileVersion": 2,
  "requires": true,
  "packages": {
    "": {
      "dependencies": {
        "xterm-addon-attach": "^0.6.0"
      }
    },
    "node_modules/xterm": {
      "version": "4.18.0",
      "license": "MIT",
      "peer": true
    },
    "node_modules/xterm-addon-attach": {
      "version": "0.6.0",
      "resolved": "https://registry.npmjs.org/xterm-addon-attach/-/xterm-addon-attach-0.6.0.tgz",
      "integrity": "sha512-Mo8r3HTjI/EZfczVCwRU6jh438B4WLXxdFO86OB7bx0jGhwh2GdF4ifx/rP+OB+Cb2vmLhhVIZ00/7x3YSP3dg==",
      "peerDependencies": {
        "xterm": "^4.0.0"
      }
    }
  },
  "dependencies": {
    "xterm": {
      "version": "4.18.0",
      "peer": true
    },
    "xterm-addon-attach": {
      "version": "0.6.0",
      "resolved": "https://registry.npmjs.org/xterm-addon-attach/-/xterm-addon-attach-0.6.0.tgz",
      "integrity": "sha512-Mo8r3HTjI/EZfczVCwRU6jh438B4WLXxdFO86OB7bx0jGhwh2GdF4ifx/rP+OB+Cb2vmLhhVIZ00/7x3YSP3dg==",
      "requires": {}
    }
  }
}
